PODS:
  - Alamofire (4.8.2)
  - AlamofireNetworkActivityIndicator (2.3.0):
    - Alamofire (~> 4.7)
  - Nimble (7.3.4)
  - ObjectMapper (3.3.0)
  - Quick (1.3.4)
  - RxAlamofire (5.0.0):
    - RxAlamofire/Core (= 5.0.0)
  - RxAlamofire/Core (5.0.0):
    - Alamofire (~> 4.8)
    - RxSwift (~> 5.0)
  - RxCocoa (5.0.0):
    - RxRelay (~> 5)
    - RxSwift (~> 5)
  - RxOptional (4.0.0):
    - RxCocoa (~> 5)
    - RxSwift (~> 5)
  - RxRelay (5.0.0):
    - RxSwift (~> 5)
  - RxRestClient (1.2.1):
    - Alamofire (~> 4)
    - RxAlamofire (~> 5)
    - RxCocoa (~> 5)
    - RxSwift (~> 5)
  - RxSwift (5.0.0)
  - SDWebImage (4.4.6):
    - SDWebImage/Core (= 4.4.6)
  - SDWebImage/Core (4.4.6)

DEPENDENCIES:
  - AlamofireNetworkActivityIndicator (~> 2.3.0)
  - Nimble (~> 7.3.1)
  - ObjectMapper (~> 3.3.0)
  - Quick (~> 1.3.2)
  - RxOptional (~> 4.0.0)
  - RxRestClient (from `../`)
  - SDWebImage (~> 4.4.2)

SPEC REPOS:
  https://github.com/cocoapods/specs.git:
    - Alamofire
    - AlamofireNetworkActivityIndicator
    - Nimble
    - ObjectMapper
    - Quick
    - RxAlamofire
    - RxCocoa
    - RxOptional
    - RxRelay
    - RxSwift
    - SDWebImage

EXTERNAL SOURCES:
  RxRestClient:
    :path: "../"

SPEC CHECKSUMS:
  Alamofire: ae5c501addb7afdbb13687d7f2f722c78734c2d3
  AlamofireNetworkActivityIndicator: 18346ff6d770d9513d0ac6f2d99706f40f93dbaa
  Nimble: 051e3d8912d40138fa5591c78594f95fb172af37
  ObjectMapper: b612bf8c8e99c4dc0bb6013a51f7c27966ed5da9
  Quick: f4f7f063c524394c73ed93ac70983c609805d481
  RxAlamofire: e7875a012aff55345672d0f70a2a9cd6aeb0f211
  RxCocoa: fcf32050ac00d801f34a7f71d5e8e7f23026dcd8
  RxOptional: 9904e2219d59260c3c171273d475b2126de187e8
  RxRelay: 4f7409406a51a55cd88483f21ed898c234d60f18
  RxRestClient: 4bf25b1d2355c6f6815d0d71f2f6e32e3d34f0d9
  RxSwift: 8b0671caa829a763bbce7271095859121cbd895f
  SDWebImage: 3f3f0c02f09798048c47a5ed0a13f17b063572d8

PODFILE CHECKSUM: c8e4a5269ca34cd9b67088527c787471660ff793

COCOAPODS: 1.7.0
