PODS:
  - Alamofire (5.4.1)
  - AlamofireNetworkActivityIndicator (3.1.0):
    - Alamofire (~> 5.1)
  - Nimble (8.0.9)
  - ObjectMapper (3.5.3)
  - Quick (2.2.1)
  - RxAlamofire (6.1.1):
    - RxAlamofire/Core (= 6.1.1)
  - RxAlamofire/Core (6.1.1):
    - Alamofire (~> 5.4)
    - RxSwift (~> 6.0)
  - RxCocoa (6.1.0):
    - RxRelay (= 6.1.0)
    - RxSwift (= 6.1.0)
  - RxOptional (5.0.1):
    - RxCocoa (~> 6.0)
    - RxSwift (~> 6.0)
  - RxRelay (6.1.0):
    - RxSwift (= 6.1.0)
  - RxRestClient (3.0.0):
    - RxAlamofire (>= 6.0)
    - RxSwift (>= 6.0)
  - RxSwift (6.1.0)
  - SDWebImage (4.4.8):
    - SDWebImage/Core (= 4.4.8)
  - SDWebImage/Core (4.4.8)

DEPENDENCIES:
  - AlamofireNetworkActivityIndicator (~> 3.1.0)
  - Nimble (~> 8.0.7)
  - ObjectMapper (~> 3.5.2)
  - Quick (~> 2.2.0)
  - RxOptional (~> 5.0.0)
  - RxRestClient (from `../`)
  - SDWebImage (~> 4.4.2)

SPEC REPOS:
  trunk:
    - Alamofire
    - AlamofireNetworkActivityIndicator
    - Nimble
    - ObjectMapper
    - Quick
    - RxAlamofire
    - RxCocoa
    - RxOptional
    - RxRelay
    - RxSwift
    - SDWebImage

EXTERNAL SOURCES:
  RxRestClient:
    :path: "../"

SPEC CHECKSUMS:
  Alamofire: 2291f7d21ca607c491dd17642e5d40fdcda0e65c
  AlamofireNetworkActivityIndicator: 6564782bd7b9e6c430ae67d9277af01907b01ca4
  Nimble: 98b888285a615fd34f20e61753cf58ea1402bde4
  ObjectMapper: 97111c97e054a6ee25917662106689f0b4127b37
  Quick: f5754d69b7013f5864c29aab9ae6f0c79c5bc200
  RxAlamofire: beb75a1c452d0de225651db4903f5d29d034a620
  RxCocoa: 5c51f02d562cbd94629f6c26cf0c80fe4ab8d343
  RxOptional: e0b39f0863c25c4bfeea83cb35102a5244d048b3
  RxRelay: 483e1a19fad961b41f0b0c0bee506f46c1ae14fe
  RxRestClient: 440ccd59a37865c41f40ae8d362eebef78a2ffe9
  RxSwift: a834e5c538e89eca0cae86f403f4fbf0336786ce
  SDWebImage: 783af2c3fa36291a250030c4752ee370a9a51d13

PODFILE CHECKSUM: 98a6e1affeb32871ab2d47cd7efb03c2374bc718

COCOAPODS: 1.10.1
